
Microsoft Visual Studio Solution File, Format Version 12.00
# Visual Studio Version 17
VisualStudioVersion = 17.10.34916.146
MinimumVisualStudioVersion = 10.0.40219.1
Project("{FAE04EC0-301F-11D3-BF4B-00C04F79EFBC}") = "Reden", "Reden\Reden.csproj", "{D3C94E3F-E0B8-4B8B-BB55-BA756349A575}"
EndProject
Global
	GlobalSection(SolutionConfigurationPlatforms) = preSolution
		Debug|Any CPU = Debug|Any CPU
		Release|Any CPU = Release|Any CPU
	EndGlobalSection
	GlobalSection(ProjectConfigurationPlatforms) = postSolution
		{D3C94E3F-E0B8-4B8B-BB55-BA756349A575}.Debug|Any CPU.ActiveCfg = Debug|Any CPU
		{D3C94E3F-E0B8-4B8B-BB55-BA756349A575}.Debug|Any CPU.Build.0 = Debug|Any CPU
		{D3C94E3F-E0B8-4B8B-BB55-BA756349A575}.Release|Any CPU.ActiveCfg = Release|Any CPU
		{D3C94E3F-E0B8-4B8B-BB55-BA756349A575}.Release|Any CPU.Build.0 = Release|Any CPU
	EndGlobalSection
	GlobalSection(SolutionProperties) = preSolution
		HideSolutionNode = FALSE
	EndGlobalSection
	GlobalSection(ExtensibilityGlobals) = postSolution
		SolutionGuid = {F582AA31-2C93-4309-B1FE-91F47C57CC09}
	EndGlobalSection
EndGlobal
